# This file is generated by running "yarn install" inside your project.
# Manual changes might be lost - proceed with caution!

__metadata:
  version: 4

"@adobe/aem-cif-product-page-extension@workspace:.":
  version: 0.0.0-use.local
  resolution: "@adobe/aem-cif-product-page-extension@workspace:."
  peerDependencies:
    "@apollo/client": ~3.1.2
    "@magento/pwa-buildpack": ^9.0.0
    "@magento/venia-ui": ^7.0.0
    graphql: ~15.3.0
    graphql-tag: ^2.11.0
    react: ~16.9.0
    react-router-dom: ~5.1.0
  languageName: unknown
  linkType: soft
